// !$*UTF8*$!
{
	archiveVersion = 1;
	classes = {
	};
	objectVersion = 77;
	objects = {

/* Begin PBXBuildFile section */
		1790859FD2595332A3660716 /* ProfileView.swift in Sources */ = {isa = PBXBuildFile; fileRef = 7087878BADB6D9C7026DC534 /* ProfileView.swift */; };
		17E0B0AF49A644C12E78D82C /* DailyViewModel.swift in Sources */ = {isa = PBXBuildFile; fileRef = 68EED9531311A5D81B24EA7C /* DailyViewModel.swift */; };
		1D58BA5B4BECC83C024E025B /* DayPickerSheet.swift in Sources */ = {isa = PBXBuildFile; fileRef = 9F532BE0014E5CEFB2558809 /* DayPickerSheet.swift */; };
		22EA1CB33A17DCC6FC82406D /* Assets.xcassets in Resources */ = {isa = PBXBuildFile; fileRef = F543015C899423D4B01CEB2E /* Assets.xcassets */; };
		24605E1E989AE077BE8970D4 /* SettingsView.swift in Sources */ = {isa = PBXBuildFile; fileRef = 968D41B54D5F4CD066475948 /* SettingsView.swift */; };
		273E2A05581E016541121AF0 /* AlbumPagerView.swift in Sources */ = {isa = PBXBuildFile; fileRef = DF332B3966236FD55C44405B /* AlbumPagerView.swift */; };
		4361743AA269158A01337511 /* Localizable.xcstrings in Resources */ = {isa = PBXBuildFile; fileRef = 6A8D1EB5C724332B1C0F728D /* Localizable.xcstrings */; };
		51D3F39ABB705B0BE9985454 /* NowPlayingSheet.swift in Sources */ = {isa = PBXBuildFile; fileRef = 7DFA4AB2875FDC4A672923B3 /* NowPlayingSheet.swift */; };
		54B7E84CF3EC3639B6009E0E /* PreviewPlayer.swift in Sources */ = {isa = PBXBuildFile; fileRef = C53316ACD88C30A2AB94798B /* PreviewPlayer.swift */; };
		54FD17F6FC35A4DE2A9C31DA /* KeychainSessionStore.swift in Sources */ = {isa = PBXBuildFile; fileRef = DF9F0E79BF7F40948C277820 /* KeychainSessionStore.swift */; };
		579318B97D19935B1E5D6235 /* pixelify_sans.ttf in Resources */ = {isa = PBXBuildFile; fileRef = F68CF7FF445BE4F8D31FC77C /* pixelify_sans.ttf */; };
		60E1A5E7B4D6CEC24740C4F1 /* AlbumDetailView.swift in Sources */ = {isa = PBXBuildFile; fileRef = 0E252437544D9D6BDB611CE4 /* AlbumDetailView.swift */; };
		63BAA8EC8EE91073009BE401 /* Theme.swift in Sources */ = {isa = PBXBuildFile; fileRef = A6A27C72A7A0ADA118CD45FC /* Theme.swift */; };
		6B3799B0D8260C303FBF8660 /* CoverImage.swift in Sources */ = {isa = PBXBuildFile; fileRef = 8A2C7D39B60B22635AFB4CDD /* CoverImage.swift */; };
		737EC36F503151942D597665 /* MonthDay.swift in Sources */ = {isa = PBXBuildFile; fileRef = 3F9533FDACC586E81B16D6A4 /* MonthDay.swift */; };
		742A51DBE5717A088D4EEA19 /* DailyView.swift in Sources */ = {isa = PBXBuildFile; fileRef = A6E49D054F3B6875BCD1A751 /* DailyView.swift */; };
		8D6A1E2BD3BD0630601A805A /* Formatting.swift in Sources */ = {isa = PBXBuildFile; fileRef = CF81B851053B5270038B358E /* Formatting.swift */; };
		8FEE360DBE0F5E1386577368 /* NotificationsView.swift in Sources */ = {isa = PBXBuildFile; fileRef = 61F79D5D14F51BF4A8A008D0 /* NotificationsView.swift */; };
		9368CE07651A4743DA59DB9A /* AuthModel.swift in Sources */ = {isa = PBXBuildFile; fileRef = 73ECBF999E6BE5928CBB26F0 /* AuthModel.swift */; };
		971B598F52DE0B8BCF3AF6EA /* DailyReminder.swift in Sources */ = {isa = PBXBuildFile; fileRef = A030FCD756AF20B701E5AB49 /* DailyReminder.swift */; };
		A0AC444EE8227A1FD3FF9819 /* CassetteApp.swift in Sources */ = {isa = PBXBuildFile; fileRef = 52D653AC35EAEB096B6D98D3 /* CassetteApp.swift */; };
		A68B33A02A415EFFA6066AF6 /* AlbumDetailViewModel.swift in Sources */ = {isa = PBXBuildFile; fileRef = 7E30A6684F4510D445B5901A /* AlbumDetailViewModel.swift */; };
		AB10D385E5DA9EC5D4AFE541 /* NowPlaying.swift in Sources */ = {isa = PBXBuildFile; fileRef = 12AB71F47615894DE2B48B9E /* NowPlaying.swift */; };
		AFB97CAE8BF0B3234849CF46 /* handjet.ttf in Resources */ = {isa = PBXBuildFile; fileRef = 8EF4BB7FA4397CDB768AC43E /* handjet.ttf */; };
		B2B2090D1C82758996143F10 /* LoginViewModel.swift in Sources */ = {isa = PBXBuildFile; fileRef = DD71A4E0F212504ED192EF3F /* LoginViewModel.swift */; };
		FFF93642A27B8411D7A8E6BE /* RootView.swift in Sources */ = {isa = PBXBuildFile; fileRef = 2925723D1B4AC9FBF45C9F3F /* RootView.swift */; };
/* End PBXBuildFile section */

/* Begin PBXFileReference section */
		0E252437544D9D6BDB611CE4 /* AlbumDetailView.swift */ = {isa = PBXFileReference; lastKnownFileType = sourcecode.swift; path = AlbumDetailView.swift; sourceTree = "<group>"; };
		12AB71F47615894DE2B48B9E /* NowPlaying.swift */ = {isa = PBXFileReference; lastKnownFileType = sourcecode.swift; path = NowPlaying.swift; sourceTree = "<group>"; };
		2925723D1B4AC9FBF45C9F3F /* RootView.swift */ = {isa = PBXFileReference; lastKnownFileType = sourcecode.swift; path = RootView.swift; sourceTree = "<group>"; };
		3F9533FDACC586E81B16D6A4 /* MonthDay.swift */ = {isa = PBXFileReference; lastKnownFileType = sourcecode.swift; path = MonthDay.swift; sourceTree = "<group>"; };
		52D653AC35EAEB096B6D98D3 /* CassetteApp.swift */ = {isa = PBXFileReference; lastKnownFileType = sourcecode.swift; path = CassetteApp.swift; sourceTree = "<group>"; };
		61F79D5D14F51BF4A8A008D0 /* NotificationsView.swift */ = {isa = PBXFileReference; lastKnownFileType = sourcecode.swift; path = NotificationsView.swift; sourceTree = "<group>"; };
		68EED9531311A5D81B24EA7C /* DailyViewModel.swift */ = {isa = PBXFileReference; lastKnownFileType = sourcecode.swift; path = DailyViewModel.swift; sourceTree = "<group>"; };
		6A8D1EB5C724332B1C0F728D /* Localizable.xcstrings */ = {isa = PBXFileReference; lastKnownFileType = text.json.xcstrings; path = Localizable.xcstrings; sourceTree = "<group>"; };
		7087878BADB6D9C7026DC534 /* ProfileView.swift */ = {isa = PBXFileReference; lastKnownFileType = sourcecode.swift; path = ProfileView.swift; sourceTree = "<group>"; };
		73ECBF999E6BE5928CBB26F0 /* AuthModel.swift */ = {isa = PBXFileReference; lastKnownFileType = sourcecode.swift; path = AuthModel.swift; sourceTree = "<group>"; };
		7DFA4AB2875FDC4A672923B3 /* NowPlayingSheet.swift */ = {isa = PBXFileReference; lastKnownFileType = sourcecode.swift; path = NowPlayingSheet.swift; sourceTree = "<group>"; };
		7E30A6684F4510D445B5901A /* AlbumDetailViewModel.swift */ = {isa = PBXFileReference; lastKnownFileType = sourcecode.swift; path = AlbumDetailViewModel.swift; sourceTree = "<group>"; };
		86038AE1032E284E79B32AD6 /* iosApp.app */ = {isa = PBXFileReference; includeInIndex = 0; lastKnownFileType = wrapper.application; path = iosApp.app; sourceTree = BUILT_PRODUCTS_DIR; };
		8A2C7D39B60B22635AFB4CDD /* CoverImage.swift */ = {isa = PBXFileReference; lastKnownFileType = sourcecode.swift; path = CoverImage.swift; sourceTree = "<group>"; };
		8EF4BB7FA4397CDB768AC43E /* handjet.ttf */ = {isa = PBXFileReference; lastKnownFileType = file; path = handjet.ttf; sourceTree = "<group>"; };
		968D41B54D5F4CD066475948 /* SettingsView.swift */ = {isa = PBXFileReference; lastKnownFileType = sourcecode.swift; path = SettingsView.swift; sourceTree = "<group>"; };
		9E245F95DF361D313AEDB59D /* Signing.xcconfig */ = {isa = PBXFileReference; lastKnownFileType = text.xcconfig; path = Signing.xcconfig; sourceTree = "<group>"; };
		9F532BE0014E5CEFB2558809 /* DayPickerSheet.swift */ = {isa = PBXFileReference; lastKnownFileType = sourcecode.swift; path = DayPickerSheet.swift; sourceTree = "<group>"; };
		A030FCD756AF20B701E5AB49 /* DailyReminder.swift */ = {isa = PBXFileReference; lastKnownFileType = sourcecode.swift; path = DailyReminder.swift; sourceTree = "<group>"; };
		A6A27C72A7A0ADA118CD45FC /* Theme.swift */ = {isa = PBXFileReference; lastKnownFileType = sourcecode.swift; path = Theme.swift; sourceTree = "<group>"; };
		A6E49D054F3B6875BCD1A751 /* DailyView.swift */ = {isa = PBXFileReference; lastKnownFileType = sourcecode.swift; path = DailyView.swift; sourceTree = "<group>"; };
		C117AD187833E2513BD2F553 /* Info.plist */ = {isa = PBXFileReference; lastKnownFileType = text.plist; path = Info.plist; sourceTree = "<group>"; };
		C53316ACD88C30A2AB94798B /* PreviewPlayer.swift */ = {isa = PBXFileReference; lastKnownFileType = sourcecode.swift; path = PreviewPlayer.swift; sourceTree = "<group>"; };
		CF81B851053B5270038B358E /* Formatting.swift */ = {isa = PBXFileReference; lastKnownFileType = sourcecode.swift; path = Formatting.swift; sourceTree = "<group>"; };
		DD71A4E0F212504ED192EF3F /* LoginViewModel.swift */ = {isa = PBXFileReference; lastKnownFileType = sourcecode.swift; path = LoginViewModel.swift; sourceTree = "<group>"; };
		DF332B3966236FD55C44405B /* AlbumPagerView.swift */ = {isa = PBXFileReference; lastKnownFileType = sourcecode.swift; path = AlbumPagerView.swift; sourceTree = "<group>"; };
		DF9F0E79BF7F40948C277820 /* KeychainSessionStore.swift */ = {isa = PBXFileReference; lastKnownFileType = sourcecode.swift; path = KeychainSessionStore.swift; sourceTree = "<group>"; };
		F543015C899423D4B01CEB2E /* Assets.xcassets */ = {isa = PBXFileReference; lastKnownFileType = folder.assetcatalog; path = Assets.xcassets; sourceTree = "<group>"; };
		F68CF7FF445BE4F8D31FC77C /* pixelify_sans.ttf */ = {isa = PBXFileReference; lastKnownFileType = file; path = pixelify_sans.ttf; sourceTree = "<group>"; };
/* End PBXFileReference section */

/* Begin PBXGroup section */
		15DCC8181777AECB137E4795 /* cover */ = {
			isa = PBXGroup;
			children = (
				9C3B2EE910DD7DE6ACF8210A /* src */,
			);
			path = cover;
			sourceTree = "<group>";
		};
		1DB4B685CAEE8BEFEBBAEF94 /* iosApp */ = {
			isa = PBXGroup;
			children = (
				F543015C899423D4B01CEB2E /* Assets.xcassets */,
				52D653AC35EAEB096B6D98D3 /* CassetteApp.swift */,
				C117AD187833E2513BD2F553 /* Info.plist */,
				6A8D1EB5C724332B1C0F728D /* Localizable.xcstrings */,
				2925723D1B4AC9FBF45C9F3F /* RootView.swift */,
				5B11E485528E5E1CBB3F75A6 /* Album */,
				2473D22FB9B12B57A9CE3F6A /* Common */,
				F202DAE483DC1B17E1E3ACDF /* Daily */,
				BC5DD6D994DAE511989AC092 /* Playback */,
				E981878917E2379869754227 /* Profile */,
				B689FACD215DFC89A5FC07DE /* Reminder */,
				8AD09A33681C22D59FD6D944 /* Settings */,
			);
			path = iosApp;
			sourceTree = "<group>";
		};
		2473D22FB9B12B57A9CE3F6A /* Common */ = {
			isa = PBXGroup;
			children = (
				8A2C7D39B60B22635AFB4CDD /* CoverImage.swift */,
				CF81B851053B5270038B358E /* Formatting.swift */,
				A6A27C72A7A0ADA118CD45FC /* Theme.swift */,
			);
			path = Common;
			sourceTree = "<group>";
		};
		38B69C3F79CD97858CF7B609 = {
			isa = PBXGroup;
			children = (
				AD7FBD238DF58C877403853D /* Cassette */,
				1DB4B685CAEE8BEFEBBAEF94 /* iosApp */,
				94C98B8B3A2BFC1966447269 /* Products */,
			);
			sourceTree = "<group>";
		};
		3D16BD6FC8746D6215FB854B /* res */ = {
			isa = PBXGroup;
			children = (
				EFC2A20F2E472EDED1861177 /* font */,
			);
			path = res;
			sourceTree = "<group>";
		};
		5B11E485528E5E1CBB3F75A6 /* Album */ = {
			isa = PBXGroup;
			children = (
				0E252437544D9D6BDB611CE4 /* AlbumDetailView.swift */,
				7E30A6684F4510D445B5901A /* AlbumDetailViewModel.swift */,
				DF332B3966236FD55C44405B /* AlbumPagerView.swift */,
			);
			path = Album;
			sourceTree = "<group>";
		};
		8AD09A33681C22D59FD6D944 /* Settings */ = {
			isa = PBXGroup;
			children = (
				61F79D5D14F51BF4A8A008D0 /* NotificationsView.swift */,
				968D41B54D5F4CD066475948 /* SettingsView.swift */,
			);
			path = Settings;
			sourceTree = "<group>";
		};
		94C98B8B3A2BFC1966447269 /* Products */ = {
			isa = PBXGroup;
			children = (
				86038AE1032E284E79B32AD6 /* iosApp.app */,
			);
			name = Products;
			sourceTree = "<group>";
		};
		9C1BC8D39AB3923E98FF27B2 /* iosApp */ = {
			isa = PBXGroup;
			children = (
				9E245F95DF361D313AEDB59D /* Signing.xcconfig */,
			);
			path = iosApp;
			sourceTree = "<group>";
		};
		9C3B2EE910DD7DE6ACF8210A /* src */ = {
			isa = PBXGroup;
			children = (
				DF8414AFDCAF92D6F1B2CF05 /* main */,
			);
			path = src;
			sourceTree = "<group>";
		};
		AD7FBD238DF58C877403853D /* Cassette */ = {
			isa = PBXGroup;
			children = (
				15DCC8181777AECB137E4795 /* cover */,
				9C1BC8D39AB3923E98FF27B2 /* iosApp */,
			);
			name = Cassette;
			path = ..;
			sourceTree = "<group>";
		};
		B689FACD215DFC89A5FC07DE /* Reminder */ = {
			isa = PBXGroup;
			children = (
				A030FCD756AF20B701E5AB49 /* DailyReminder.swift */,
			);
			path = Reminder;
			sourceTree = "<group>";
		};
		BC5DD6D994DAE511989AC092 /* Playback */ = {
			isa = PBXGroup;
			children = (
				12AB71F47615894DE2B48B9E /* NowPlaying.swift */,
				7DFA4AB2875FDC4A672923B3 /* NowPlayingSheet.swift */,
				C53316ACD88C30A2AB94798B /* PreviewPlayer.swift */,
			);
			path = Playback;
			sourceTree = "<group>";
		};
		DF8414AFDCAF92D6F1B2CF05 /* main */ = {
			isa = PBXGroup;
			children = (
				3D16BD6FC8746D6215FB854B /* res */,
			);
			path = main;
			sourceTree = "<group>";
		};
		E981878917E2379869754227 /* Profile */ = {
			isa = PBXGroup;
			children = (
				73ECBF999E6BE5928CBB26F0 /* AuthModel.swift */,
				DF9F0E79BF7F40948C277820 /* KeychainSessionStore.swift */,
				DD71A4E0F212504ED192EF3F /* LoginViewModel.swift */,
				7087878BADB6D9C7026DC534 /* ProfileView.swift */,
			);
			path = Profile;
			sourceTree = "<group>";
		};
		EFC2A20F2E472EDED1861177 /* font */ = {
			isa = PBXGroup;
			children = (
				8EF4BB7FA4397CDB768AC43E /* handjet.ttf */,
				F68CF7FF445BE4F8D31FC77C /* pixelify_sans.ttf */,
			);
			path = font;
			sourceTree = "<group>";
		};
		F202DAE483DC1B17E1E3ACDF /* Daily */ = {
			isa = PBXGroup;
			children = (
				A6E49D054F3B6875BCD1A751 /* DailyView.swift */,
				68EED9531311A5D81B24EA7C /* DailyViewModel.swift */,
				9F532BE0014E5CEFB2558809 /* DayPickerSheet.swift */,
				3F9533FDACC586E81B16D6A4 /* MonthDay.swift */,
			);
			path = Daily;
			sourceTree = "<group>";
		};
/* End PBXGroup section */

/* Begin PBXNativeTarget section */
		78B53CC79860CBFC2F5543C6 /* iosApp */ = {
			isa = PBXNativeTarget;
			buildConfigurationList = 29DCA9F0B3A40325067EB163 /* Build configuration list for PBXNativeTarget "iosApp" */;
			buildPhases = (
				C263BE7E68B1B2B41CE2771C /* Build Kotlin framework */,
				297B59D9CE634556D6007C40 /* Sources */,
				1623B02D10928C8101C1F806 /* Resources */,
			);
			buildRules = (
			);
			dependencies = (
			);
			name = iosApp;
			packageProductDependencies = (
			);
			productName = iosApp;
			productReference = 86038AE1032E284E79B32AD6 /* iosApp.app */;
			productType = "com.apple.product-type.application";
		};
/* End PBXNativeTarget section */

/* Begin PBXProject section */
		242FB5348943441C388468CE /* Project object */ = {
			isa = PBXProject;
			attributes = {
				BuildIndependentTargetsInParallel = YES;
				LastUpgradeCheck = 1430;
				TargetAttributes = {
					78B53CC79860CBFC2F5543C6 = {
						ProvisioningStyle = Automatic;
					};
				};
			};
			buildConfigurationList = FF7CA1CA754D017066F1822F /* Build configuration list for PBXProject "iosApp" */;
			developmentRegion = en;
			hasScannedForEncodings = 0;
			knownRegions = (
				Base,
				en,
			);
			mainGroup = 38B69C3F79CD97858CF7B609;
			minimizedProjectReferenceProxies = 1;
			preferredProjectObjectVersion = 77;
			productRefGroup = 94C98B8B3A2BFC1966447269 /* Products */;
			projectDirPath = "";
			projectRoot = "";
			targets = (
				78B53CC79860CBFC2F5543C6 /* iosApp */,
			);
		};
/* End PBXProject section */

/* Begin PBXResourcesBuildPhase section */
		1623B02D10928C8101C1F806 /* Resources */ = {
			isa = PBXResourcesBuildPhase;
			buildActionMask = 2147483647;
			files = (
				22EA1CB33A17DCC6FC82406D /* Assets.xcassets in Resources */,
				4361743AA269158A01337511 /* Localizable.xcstrings in Resources */,
				AFB97CAE8BF0B3234849CF46 /* handjet.ttf in Resources */,
				579318B97D19935B1E5D6235 /* pixelify_sans.ttf in Resources */,
			);
			runOnlyForDeploymentPostprocessing = 0;
		};
/* End PBXResourcesBuildPhase section */

/* Begin PBXShellScriptBuildPhase section */
		C263BE7E68B1B2B41CE2771C /* Build Kotlin framework */ = {
			isa = PBXShellScriptBuildPhase;
			alwaysOutOfDate = 1;
			buildActionMask = 2147483647;
			files = (
			);
			inputFileListPaths = (
			);
			inputPaths = (
			);
			name = "Build Kotlin framework";
			outputFileListPaths = (
			);
			outputPaths = (
			);
			runOnlyForDeploymentPostprocessing = 0;
			shellPath = /bin/sh;
			shellScript = "# Builds :data's Shared framework for the SDK and architecture Xcode is building for.\n# ./gradlew needs a JDK; fall back to Android Studio's bundled one when JAVA_HOME isn't set.\nif [ -z \"$JAVA_HOME\" ]; then\n  export JAVA_HOME=\"/Applications/Android Studio.app/Contents/jbr/Contents/Home\"\nfi\ncd \"$SRCROOT/..\"\n./gradlew :data:embedAndSignAppleFrameworkForXcode\n";
		};
/* End PBXShellScriptBuildPhase section */

/* Begin PBXSourcesBuildPhase section */
		297B59D9CE634556D6007C40 /* Sources */ = {
			isa = PBXSourcesBuildPhase;
			buildActionMask = 2147483647;
			files = (
				60E1A5E7B4D6CEC24740C4F1 /* AlbumDetailView.swift in Sources */,
				A68B33A02A415EFFA6066AF6 /* AlbumDetailViewModel.swift in Sources */,
				273E2A05581E016541121AF0 /* AlbumPagerView.swift in Sources */,
				9368CE07651A4743DA59DB9A /* AuthModel.swift in Sources */,
				A0AC444EE8227A1FD3FF9819 /* CassetteApp.swift in Sources */,
				6B3799B0D8260C303FBF8660 /* CoverImage.swift in Sources */,
				971B598F52DE0B8BCF3AF6EA /* DailyReminder.swift in Sources */,
				742A51DBE5717A088D4EEA19 /* DailyView.swift in Sources */,
				17E0B0AF49A644C12E78D82C /* DailyViewModel.swift in Sources */,
				1D58BA5B4BECC83C024E025B /* DayPickerSheet.swift in Sources */,
				8D6A1E2BD3BD0630601A805A /* Formatting.swift in Sources */,
				54FD17F6FC35A4DE2A9C31DA /* KeychainSessionStore.swift in Sources */,
				B2B2090D1C82758996143F10 /* LoginViewModel.swift in Sources */,
				737EC36F503151942D597665 /* MonthDay.swift in Sources */,
				8FEE360DBE0F5E1386577368 /* NotificationsView.swift in Sources */,
				AB10D385E5DA9EC5D4AFE541 /* NowPlaying.swift in Sources */,
				51D3F39ABB705B0BE9985454 /* NowPlayingSheet.swift in Sources */,
				54B7E84CF3EC3639B6009E0E /* PreviewPlayer.swift in Sources */,
				1790859FD2595332A3660716 /* ProfileView.swift in Sources */,
				FFF93642A27B8411D7A8E6BE /* RootView.swift in Sources */,
				24605E1E989AE077BE8970D4 /* SettingsView.swift in Sources */,
				63BAA8EC8EE91073009BE401 /* Theme.swift in Sources */,
			);
			runOnlyForDeploymentPostprocessing = 0;
		};
/* End PBXSourcesBuildPhase section */

/* Begin XCBuildConfiguration section */
		11814011E7D6EC822BFBC66D /* Release */ = {
			isa = XCBuildConfiguration;
			buildSettings = {
				ALWAYS_SEARCH_USER_PATHS = NO;
				CLANG_ANALYZER_NONNULL = YES;
				CLANG_ANALYZER_NUMBER_OBJECT_CONVERSION = YES_AGGRESSIVE;
				CLANG_CXX_LANGUAGE_STANDARD = "gnu++14";
				CLANG_CXX_LIBRARY = "libc++";
				CLANG_ENABLE_MODULES = YES;
				CLANG_ENABLE_OBJC_ARC = YES;
				CLANG_ENABLE_OBJC_WEAK = YES;
				CLANG_WARN_BLOCK_CAPTURE_AUTORELEASING = YES;
				CLANG_WARN_BOOL_CONVERSION = YES;
				CLANG_WARN_COMMA = YES;
				CLANG_WARN_CONSTANT_CONVERSION = YES;
				CLANG_WARN_DEPRECATED_OBJC_IMPLEMENTATIONS = YES;
				CLANG_WARN_DIRECT_OBJC_ISA_USAGE = YES_ERROR;
				CLANG_WARN_DOCUMENTATION_COMMENTS = YES;
				CLANG_WARN_EMPTY_BODY = YES;
				CLANG_WARN_ENUM_CONVERSION = YES;
				CLANG_WARN_INFINITE_RECURSION = YES;
				CLANG_WARN_INT_CONVERSION = YES;
				CLANG_WARN_NON_LITERAL_NULL_CONVERSION = YES;
				CLANG_WARN_OBJC_IMPLICIT_RETAIN_SELF = YES;
				CLANG_WARN_OBJC_LITERAL_CONVERSION = YES;
				CLANG_WARN_OBJC_ROOT_CLASS = YES_ERROR;
				CLANG_WARN_QUOTED_INCLUDE_IN_FRAMEWORK_HEADER = YES;
				CLANG_WARN_RANGE_LOOP_ANALYSIS = YES;
				CLANG_WARN_STRICT_PROTOTYPES = YES;
				CLANG_WARN_SUSPICIOUS_MOVE = YES;
				CLANG_WARN_UNGUARDED_AVAILABILITY = YES_AGGRESSIVE;
				CLANG_WARN_UNREACHABLE_CODE = YES;
				CLANG_WARN__DUPLICATE_METHOD_MATCH = YES;
				COPY_PHASE_STRIP = NO;
				CURRENT_PROJECT_VERSION = 1;
				DEBUG_INFORMATION_FORMAT = "dwarf-with-dsym";
				ENABLE_NS_ASSERTIONS = NO;
				ENABLE_STRICT_OBJC_MSGSEND = YES;
				GCC_C_LANGUAGE_STANDARD = gnu11;
				GCC_NO_COMMON_BLOCKS = YES;
				GCC_WARN_64_TO_32_BIT_CONVERSION = YES;
				GCC_WARN_ABOUT_RETURN_TYPE = YES_ERROR;
				GCC_WARN_UNDECLARED_SELECTOR = YES;
				GCC_WARN_UNINITIALIZED_AUTOS = YES_AGGRESSIVE;
				GCC_WARN_UNUSED_FUNCTION = YES;
				GCC_WARN_UNUSED_VARIABLE = YES;
				IPHONEOS_DEPLOYMENT_TARGET = 17.0;
				LOCALIZATION_PREFERS_STRING_CATALOGS = YES;
				MARKETING_VERSION = 1.0;
				MTL_ENABLE_DEBUG_INFO = NO;
				MTL_FAST_MATH = YES;
				PRODUCT_NAME = "$(TARGET_NAME)";
				SDKROOT = iphoneos;
				SWIFT_COMPILATION_MODE = wholemodule;
				SWIFT_EMIT_LOC_STRINGS = YES;
				SWIFT_OPTIMIZATION_LEVEL = "-O";
				SWIFT_VERSION = 5.0;
			};
			name = Release;
		};
		6C824A6EB4BAD43AE2A4BB29 /* Debug */ = {
			isa = XCBuildConfiguration;
			buildSettings = {
				ALWAYS_SEARCH_USER_PATHS = NO;
				CLANG_ANALYZER_NONNULL = YES;
				CLANG_ANALYZER_NUMBER_OBJECT_CONVERSION = YES_AGGRESSIVE;
				CLANG_CXX_LANGUAGE_STANDARD = "gnu++14";
				CLANG_CXX_LIBRARY = "libc++";
				CLANG_ENABLE_MODULES = YES;
				CLANG_ENABLE_OBJC_ARC = YES;
				CLANG_ENABLE_OBJC_WEAK = YES;
				CLANG_WARN_BLOCK_CAPTURE_AUTORELEASING = YES;
				CLANG_WARN_BOOL_CONVERSION = YES;
				CLANG_WARN_COMMA = YES;
				CLANG_WARN_CONSTANT_CONVERSION = YES;
				CLANG_WARN_DEPRECATED_OBJC_IMPLEMENTATIONS = YES;
				CLANG_WARN_DIRECT_OBJC_ISA_USAGE = YES_ERROR;
				CLANG_WARN_DOCUMENTATION_COMMENTS = YES;
				CLANG_WARN_EMPTY_BODY = YES;
				CLANG_WARN_ENUM_CONVERSION = YES;
				CLANG_WARN_INFINITE_RECURSION = YES;
				CLANG_WARN_INT_CONVERSION = YES;
				CLANG_WARN_NON_LITERAL_NULL_CONVERSION = YES;
				CLANG_WARN_OBJC_IMPLICIT_RETAIN_SELF = YES;
				CLANG_WARN_OBJC_LITERAL_CONVERSION = YES;
				CLANG_WARN_OBJC_ROOT_CLASS = YES_ERROR;
				CLANG_WARN_QUOTED_INCLUDE_IN_FRAMEWORK_HEADER = YES;
				CLANG_WARN_RANGE_LOOP_ANALYSIS = YES;
				CLANG_WARN_STRICT_PROTOTYPES = YES;
				CLANG_WARN_SUSPICIOUS_MOVE = YES;
				CLANG_WARN_UNGUARDED_AVAILABILITY = YES_AGGRESSIVE;
				CLANG_WARN_UNREACHABLE_CODE = YES;
				CLANG_WARN__DUPLICATE_METHOD_MATCH = YES;
				COPY_PHASE_STRIP = NO;
				CURRENT_PROJECT_VERSION = 1;
				DEBUG_INFORMATION_FORMAT = dwarf;
				ENABLE_STRICT_OBJC_MSGSEND = YES;
				ENABLE_TESTABILITY = YES;
				GCC_C_LANGUAGE_STANDARD = gnu11;
				GCC_DYNAMIC_NO_PIC = NO;
				GCC_NO_COMMON_BLOCKS = YES;
				GCC_OPTIMIZATION_LEVEL = 0;
				GCC_PREPROCESSOR_DEFINITIONS = (
					"$(inherited)",
					"DEBUG=1",
				);
				GCC_WARN_64_TO_32_BIT_CONVERSION = YES;
				GCC_WARN_ABOUT_RETURN_TYPE = YES_ERROR;
				GCC_WARN_UNDECLARED_SELECTOR = YES;
				GCC_WARN_UNINITIALIZED_AUTOS = YES_AGGRESSIVE;
				GCC_WARN_UNUSED_FUNCTION = YES;
				GCC_WARN_UNUSED_VARIABLE = YES;
				IPHONEOS_DEPLOYMENT_TARGET = 17.0;
				LOCALIZATION_PREFERS_STRING_CATALOGS = YES;
				MARKETING_VERSION = 1.0;
				MTL_ENABLE_DEBUG_INFO = INCLUDE_SOURCE;
				MTL_FAST_MATH = YES;
				ONLY_ACTIVE_ARCH = YES;
				PRODUCT_NAME = "$(TARGET_NAME)";
				SDKROOT = iphoneos;
				SWIFT_ACTIVE_COMPILATION_CONDITIONS = DEBUG;
				SWIFT_EMIT_LOC_STRINGS = YES;
				SWIFT_OPTIMIZATION_LEVEL = "-Onone";
				SWIFT_VERSION = 5.0;
			};
			name = Debug;
		};
		9221A1FDC06803E8A2FC6E61 /* Debug */ = {
			isa = XCBuildConfiguration;
			baseConfigurationReference = 9E245F95DF361D313AEDB59D /* Signing.xcconfig */;
			buildSettings = {
				ASSETCATALOG_COMPILER_APPICON_NAME = AppIcon;
				CODE_SIGN_IDENTITY = "iPhone Developer";
				ENABLE_USER_SCRIPT_SANDBOXING = NO;
				FRAMEWORK_SEARCH_PATHS = "$(inherited) $(SRCROOT)/../data/build/xcode-frameworks/$(CONFIGURATION)/$(SDK_NAME)";
				INFOPLIST_FILE = iosApp/Info.plist;
				LD_RUNPATH_SEARCH_PATHS = (
					"$(inherited)",
					"@executable_path/Frameworks",
				);
				OTHER_LDFLAGS = "$(inherited) -framework Shared";
				PRODUCT_BUNDLE_IDENTIFIER = com.ruidoespontaneo.cassette;
				PRODUCT_NAME = Cassette;
				SDKROOT = iphoneos;
				TARGETED_DEVICE_FAMILY = "1,2";
			};
			name = Debug;
		};
		AF835BFF1220CA5AB5B867E4 /* Release */ = {
			isa = XCBuildConfiguration;
			baseConfigurationReference = 9E245F95DF361D313AEDB59D /* Signing.xcconfig */;
			buildSettings = {
				ASSETCATALOG_COMPILER_APPICON_NAME = AppIcon;
				CODE_SIGN_IDENTITY = "iPhone Developer";
				ENABLE_USER_SCRIPT_SANDBOXING = NO;
				FRAMEWORK_SEARCH_PATHS = "$(inherited) $(SRCROOT)/../data/build/xcode-frameworks/$(CONFIGURATION)/$(SDK_NAME)";
				INFOPLIST_FILE = iosApp/Info.plist;
				LD_RUNPATH_SEARCH_PATHS = (
					"$(inherited)",
					"@executable_path/Frameworks",
				);
				OTHER_LDFLAGS = "$(inherited) -framework Shared";
				PRODUCT_BUNDLE_IDENTIFIER = com.ruidoespontaneo.cassette;
				PRODUCT_NAME = Cassette;
				SDKROOT = iphoneos;
				TARGETED_DEVICE_FAMILY = "1,2";
			};
			name = Release;
		};
/* End XCBuildConfiguration section */

/* Begin XCConfigurationList section */
		29DCA9F0B3A40325067EB163 /* Build configuration list for PBXNativeTarget "iosApp" */ = {
			isa = XCConfigurationList;
			buildConfigurations = (
				9221A1FDC06803E8A2FC6E61 /* Debug */,
				AF835BFF1220CA5AB5B867E4 /* Release */,
			);
			defaultConfigurationIsVisible = 0;
			defaultConfigurationName = Debug;
		};
		FF7CA1CA754D017066F1822F /* Build configuration list for PBXProject "iosApp" */ = {
			isa = XCConfigurationList;
			buildConfigurations = (
				6C824A6EB4BAD43AE2A4BB29 /* Debug */,
				11814011E7D6EC822BFBC66D /* Release */,
			);
			defaultConfigurationIsVisible = 0;
			defaultConfigurationName = Debug;
		};
/* End XCConfigurationList section */
	};
	rootObject = 242FB5348943441C388468CE /* Project object */;
}
